
Microsoft Visual Studio Solution File, Format Version 12.00
# Visual Studio Version 17
VisualStudioVersion = 17.5.002.0
MinimumVisualStudioVersion = 10.0.40219.1
Project("{9A19103F-16F7-4668-BE54-9A1E7A4F7556}") = "MiPrimerProyecto", "MiPrimerProyecto.csproj", "{1FD190D7-5CCA-4B8A-8752-937499D7ECE0}"
EndProject
Global
	GlobalSection(SolutionConfigurationPlatforms) = preSolution
		Debug|Any CPU = Debug|Any CPU
		Release|Any CPU = Release|Any CPU
	EndGlobalSection
	GlobalSection(ProjectConfigurationPlatforms) = postSolution
		{1FD190D7-5CCA-4B8A-8752-937499D7ECE0}.Debug|Any CPU.ActiveCfg = Debug|Any CPU
		{1FD190D7-5CCA-4B8A-8752-937499D7ECE0}.Debug|Any CPU.Build.0 = Debug|Any CPU
		{1FD190D7-5CCA-4B8A-8752-937499D7ECE0}.Release|Any CPU.ActiveCfg = Release|Any CPU
		{1FD190D7-5CCA-4B8A-8752-937499D7ECE0}.Release|Any CPU.Build.0 = Release|Any CPU
	EndGlobalSection
	GlobalSection(SolutionProperties) = preSolution
		HideSolutionNode = FALSE
	EndGlobalSection
	GlobalSection(ExtensibilityGlobals) = postSolution
		SolutionGuid = {B2F2F721-FD37-4F6A-84AB-3B960AF8C448}
	EndGlobalSection
EndGlobal
